
Microsoft Visual Studio Solution File, Format Version 12.00
# Visual Studio Version 17
VisualStudioVersion = 17.13.35919.96 d17.13
MinimumVisualStudioVersion = 10.0.40219.1
Project("{FAE04EC0-301F-11D3-BF4B-00C04F79EFBC}") = "Ex5-revisao", "Ex5-revisao.csproj", "{462ADCF0-F968-43EE-91D0-750E3D7B811E}"
EndProject
Global
	GlobalSection(SolutionConfigurationPlatforms) = preSolution
		Debug|Any CPU = Debug|Any CPU
		Release|Any CPU = Release|Any CPU
	EndGlobalSection
	GlobalSection(ProjectConfigurationPlatforms) = postSolution
		{462ADCF0-F968-43EE-91D0-750E3D7B811E}.Debug|Any CPU.ActiveCfg = Debug|Any CPU
		{462ADCF0-F968-43EE-91D0-750E3D7B811E}.Debug|Any CPU.Build.0 = Debug|Any CPU
		{462ADCF0-F968-43EE-91D0-750E3D7B811E}.Release|Any CPU.ActiveCfg = Release|Any CPU
		{462ADCF0-F968-43EE-91D0-750E3D7B811E}.Release|Any CPU.Build.0 = Release|Any CPU
	EndGlobalSection
	GlobalSection(SolutionProperties) = preSolution
		HideSolutionNode = FALSE
	EndGlobalSection
	GlobalSection(ExtensibilityGlobals) = postSolution
		SolutionGuid = {5C18BB81-BC3D-4506-915D-FFDE5944974F}
	EndGlobalSection
EndGlobal
